
Microsoft Visual Studio Solution File, Format Version 12.00
# Visual Studio Version 17
VisualStudioVersion = 17.14.36414.22
MinimumVisualStudioVersion = 10.0.40219.1
Project("{FAE04EC0-301F-11D3-BF4B-00C04F79EFBC}") = "Links.Tests", "Links.Tests\Links.Tests.csproj", "{BA5BE40C-53F7-4C65-994C-8806D1AB1BE8}"
EndProject
Project("{FAE04EC0-301F-11D3-BF4B-00C04F79EFBC}") = "Links.Api", "Links.Api\Links.Api.csproj", "{FED3F546-7656-5797-D66A-C9427D5DF603}"
EndProject
Global
	GlobalSection(SolutionConfigurationPlatforms) = preSolution
		Debug|Any CPU = Debug|Any CPU
		Release|Any CPU = Release|Any CPU
	EndGlobalSection
	GlobalSection(ProjectConfigurationPlatforms) = postSolution
		{BA5BE40C-53F7-4C65-994C-8806D1AB1BE8}.Debug|Any CPU.ActiveCfg = Debug|Any CPU
		{BA5BE40C-53F7-4C65-994C-8806D1AB1BE8}.Debug|Any CPU.Build.0 = Debug|Any CPU
		{BA5BE40C-53F7-4C65-994C-8806D1AB1BE8}.Release|Any CPU.ActiveCfg = Release|Any CPU
		{BA5BE40C-53F7-4C65-994C-8806D1AB1BE8}.Release|Any CPU.Build.0 = Release|Any CPU
		{FED3F546-7656-5797-D66A-C9427D5DF603}.Debug|Any CPU.ActiveCfg = Debug|Any CPU
		{FED3F546-7656-5797-D66A-C9427D5DF603}.Debug|Any CPU.Build.0 = Debug|Any CPU
		{FED3F546-7656-5797-D66A-C9427D5DF603}.Release|Any CPU.ActiveCfg = Release|Any CPU
		{FED3F546-7656-5797-D66A-C9427D5DF603}.Release|Any CPU.Build.0 = Release|Any CPU
	EndGlobalSection
	GlobalSection(SolutionProperties) = preSolution
		HideSolutionNode = FALSE
	EndGlobalSection
	GlobalSection(ExtensibilityGlobals) = postSolution
		SolutionGuid = {7F8F6BAE-A59A-4E22-A574-74491D050909}
	EndGlobalSection
EndGlobal
